
Microsoft Visual Studio Solution File, Format Version 12.00
# Visual Studio Version 17
VisualStudioVersion = 17.0.31903.59
MinimumVisualStudioVersion = 10.0.40219.1
Project("{FAE04EC0-301F-11D3-BF4B-00C04F79EFBC}") = "LibraryManagement.Domain", "src\LibraryManagement.Domain\LibraryManagement.Domain.csproj", "{8A5DEEC1-613A-4C1C-97E9-D5E85EE44665}"
EndProject
Project("{FAE04EC0-301F-11D3-BF4B-00C04F79EFBC}") = "LibraryManagement.Application", "src\LibraryManagement.Application\LibraryManagement.Application.csproj", "{CC78F1ED-87D3-435B-96C7-0FB80DD63088}"
EndProject
Project("{FAE04EC0-301F-11D3-BF4B-00C04F79EFBC}") = "LibraryManagement.Domain.Tests", "tests\LibraryManagement.Domain.Tests\LibraryManagement.Domain.Tests.csproj", "{4DD03529-3638-47AE-A282-3AACCA7991EE}"
EndProject
Project("{FAE04EC0-301F-11D3-BF4B-00C04F79EFBC}") = "LibraryManagement.Application.Tests", "tests\LibraryManagement.Application.Tests\LibraryManagement.Application.Tests.csproj", "{3EC4104D-7DB8-47D3-83D8-2E61409704C3}"
EndProject
Project("{FAE04EC0-301F-11D3-BF4B-00C04F79EFBC}") = "LibraryManagement.ModuleBootstrapper", "src\LibraryManagement.ModuleBootstrapper\LibraryManagement.ModuleBootstrapper.csproj", "{AAAB84A9-8CD3-4369-A484-9B8D5533712A}"
EndProject
Project("{FAE04EC0-301F-11D3-BF4B-00C04F79EFBC}") = "LibraryManagement.Persistence.Mongo", "src\LibraryManagement.Persistence.Mongo\LibraryManagement.Persistence.Mongo.csproj", "{D25A33DE-3849-4161-8572-2BF5C73F5FE9}"
EndProject
Project("{FAE04EC0-301F-11D3-BF4B-00C04F79EFBC}") = "LibraryManagement.Persistence.Mongo.Tests", "tests\LibraryManagement.Persistence.Mongo.Tests\LibraryManagement.Persistence.Mongo.Tests.csproj", "{FC9196EA-F992-40CC-BB4D-AB1FFDC91593}"
EndProject
Project("{FAE04EC0-301F-11D3-BF4B-00C04F79EFBC}") = "LibraryManagement.ModuleBootstrapper.Tests", "tests\LibraryManagement.ModuleBootstrapper.Tests\LibraryManagement.ModuleBootstrapper.Tests.csproj", "{B9085309-859D-4E9F-A86D-726E358E84FB}"
EndProject
Project("{FAE04EC0-301F-11D3-BF4B-00C04F79EFBC}") = "LibraryManagement.Api.Rest", "src\LibraryManagement.Api.Rest\LibraryManagement.Api.Rest.csproj", "{9376BABF-C7E0-4439-B3D6-6A13EC65087E}"
EndProject
Project("{FAE04EC0-301F-11D3-BF4B-00C04F79EFBC}") = "LibraryManagement.Api.Rest.Tests", "tests\LibraryManagement.Api.Rest.Tests\LibraryManagement.Api.Rest.Tests.csproj", "{758E04DE-C8E0-4C83-985D-575C8ADFD555}"
EndProject
Project("{2150E333-8FDC-42A3-9474-1A3956D46DE8}") = "ModuleBootstrapper", "ModuleBootstrapper", "{F902C4B7-FCB5-4F0A-A19E-F7E14C3FA58C}"
EndProject
Project("{2150E333-8FDC-42A3-9474-1A3956D46DE8}") = "Domain", "Domain", "{3AA483FE-5EB5-475F-B911-C28579FE4EB2}"
EndProject
Project("{2150E333-8FDC-42A3-9474-1A3956D46DE8}") = "Persistence", "Persistence", "{4BDDEF73-2305-406D-A2CD-077F11C09E64}"
EndProject
Project("{2150E333-8FDC-42A3-9474-1A3956D46DE8}") = "Api", "Api", "{D3F8F13D-3C9E-4350-B9E6-EA437EC244F5}"
EndProject
Project("{2150E333-8FDC-42A3-9474-1A3956D46DE8}") = "Rest", "Rest", "{AB52B183-4264-4D51-B688-3F3BD89DA4DA}"
EndProject
Project("{2150E333-8FDC-42A3-9474-1A3956D46DE8}") = "Client", "Client", "{74975170-C857-46F5-8DE2-4D9A1550372B}"
EndProject
Project("{FAE04EC0-301F-11D3-BF4B-00C04F79EFBC}") = "LibraryManagement.Api.Rest.Client", "src\LibraryManagement.Api.Rest.Client\LibraryManagement.Api.Rest.Client.csproj", "{B4E8F360-F171-4CDD-B846-239E1E3B21DA}"
EndProject
Project("{FAE04EC0-301F-11D3-BF4B-00C04F79EFBC}") = "LibraryManagement.Api.Rest.Client.Tests", "tests\LibraryManagement.Api.Rest.Client.Tests\LibraryManagement.Api.Rest.Client.Tests.csproj", "{79D49584-9E5E-40B0-A672-C2CF6305665B}"
EndProject
Project("{2150E333-8FDC-42A3-9474-1A3956D46DE8}") = "AspNetCore", "AspNetCore", "{66C1EB0C-4D9B-4C43-BB54-664C20F3DAEA}"
EndProject
Project("{FAE04EC0-301F-11D3-BF4B-00C04F79EFBC}") = "LibraryManagement.ModuleBootstrapper.AspNetCore", "src\LibraryManagement.ModuleBootstrapper.AspNetCore\LibraryManagement.ModuleBootstrapper.AspNetCore.csproj", "{064F3284-2900-48FD-90BB-C01E6296E60C}"
EndProject
Project("{FAE04EC0-301F-11D3-BF4B-00C04F79EFBC}") = "TestProject1LibraryManagement.ModuleBootstrapper.AspNetCore.Tests", "tests\TestProject1LibraryManagement.ModuleBootstrapper.AspNetCore.Tests\TestProject1LibraryManagement.ModuleBootstrapper.AspNetCore.Tests.csproj", "{08BB5F2E-8FB4-46E4-90D3-7A182566F83A}"
EndProject
Project("{2150E333-8FDC-42A3-9474-1A3956D46DE8}") = "Web", "Web", "{0D3030A4-1064-4068-9B93-6007D08C3D6E}"
EndProject
Project("{FAE04EC0-301F-11D3-BF4B-00C04F79EFBC}") = "LibraryManagement.Web", "src\LibraryManagement.Web\LibraryManagement.Web\LibraryManagement.Web.csproj", "{5A9AB7BE-E6DB-4EFC-9CC8-F78E5430C8DB}"
EndProject
Project("{FAE04EC0-301F-11D3-BF4B-00C04F79EFBC}") = "LibraryManagement.Web.Client", "src\LibraryManagement.Web\LibraryManagement.Web.Client\LibraryManagement.Web.Client.csproj", "{573E3892-3E24-4B5B-98E3-2CE942AFFFCC}"
EndProject
Project("{2150E333-8FDC-42A3-9474-1A3956D46DE8}") = "Solution Items", "Solution Items", "{F33C949C-4E69-45BA-B9B2-76ED51C6C8D8}"
	ProjectSection(SolutionItems) = preProject
		compose.yaml = compose.yaml
	EndProjectSection
EndProject
Global
	GlobalSection(SolutionConfigurationPlatforms) = preSolution
		Debug|Any CPU = Debug|Any CPU
		Debug|x64 = Debug|x64
		Debug|x86 = Debug|x86
		Release|Any CPU = Release|Any CPU
		Release|x64 = Release|x64
		Release|x86 = Release|x86
	EndGlobalSection
	GlobalSection(ProjectConfigurationPlatforms) = postSolution
		{8A5DEEC1-613A-4C1C-97E9-D5E85EE44665}.Debug|Any CPU.ActiveCfg = Debug|Any CPU
		{8A5DEEC1-613A-4C1C-97E9-D5E85EE44665}.Debug|Any CPU.Build.0 = Debug|Any CPU
		{8A5DEEC1-613A-4C1C-97E9-D5E85EE44665}.Debug|x64.ActiveCfg = Debug|Any CPU
		{8A5DEEC1-613A-4C1C-97E9-D5E85EE44665}.Debug|x64.Build.0 = Debug|Any CPU
		{8A5DEEC1-613A-4C1C-97E9-D5E85EE44665}.Debug|x86.ActiveCfg = Debug|Any CPU
		{8A5DEEC1-613A-4C1C-97E9-D5E85EE44665}.Debug|x86.Build.0 = Debug|Any CPU
		{8A5DEEC1-613A-4C1C-97E9-D5E85EE44665}.Release|Any CPU.ActiveCfg = Release|Any CPU
		{8A5DEEC1-613A-4C1C-97E9-D5E85EE44665}.Release|Any CPU.Build.0 = Release|Any CPU
		{8A5DEEC1-613A-4C1C-97E9-D5E85EE44665}.Release|x64.ActiveCfg = Release|Any CPU
		{8A5DEEC1-613A-4C1C-97E9-D5E85EE44665}.Release|x64.Build.0 = Release|Any CPU
		{8A5DEEC1-613A-4C1C-97E9-D5E85EE44665}.Release|x86.ActiveCfg = Release|Any CPU
		{8A5DEEC1-613A-4C1C-97E9-D5E85EE44665}.Release|x86.Build.0 = Release|Any CPU
		{CC78F1ED-87D3-435B-96C7-0FB80DD63088}.Debug|Any CPU.ActiveCfg = Debug|Any CPU
		{CC78F1ED-87D3-435B-96C7-0FB80DD63088}.Debug|Any CPU.Build.0 = Debug|Any CPU
		{CC78F1ED-87D3-435B-96C7-0FB80DD63088}.Debug|x64.ActiveCfg = Debug|Any CPU
		{CC78F1ED-87D3-435B-96C7-0FB80DD63088}.Debug|x64.Build.0 = Debug|Any CPU
		{CC78F1ED-87D3-435B-96C7-0FB80DD63088}.Debug|x86.ActiveCfg = Debug|Any CPU
		{CC78F1ED-87D3-435B-96C7-0FB80DD63088}.Debug|x86.Build.0 = Debug|Any CPU
		{CC78F1ED-87D3-435B-96C7-0FB80DD63088}.Release|Any CPU.ActiveCfg = Release|Any CPU
		{CC78F1ED-87D3-435B-96C7-0FB80DD63088}.Release|Any CPU.Build.0 = Release|Any CPU
		{CC78F1ED-87D3-435B-96C7-0FB80DD63088}.Release|x64.ActiveCfg = Release|Any CPU
		{CC78F1ED-87D3-435B-96C7-0FB80DD63088}.Release|x64.Build.0 = Release|Any CPU
		{CC78F1ED-87D3-435B-96C7-0FB80DD63088}.Release|x86.ActiveCfg = Release|Any CPU
		{CC78F1ED-87D3-435B-96C7-0FB80DD63088}.Release|x86.Build.0 = Release|Any CPU
		{4DD03529-3638-47AE-A282-3AACCA7991EE}.Debug|Any CPU.ActiveCfg = Debug|Any CPU
		{4DD03529-3638-47AE-A282-3AACCA7991EE}.Debug|Any CPU.Build.0 = Debug|Any CPU
		{4DD03529-3638-47AE-A282-3AACCA7991EE}.Debug|x64.ActiveCfg = Debug|Any CPU
		{4DD03529-3638-47AE-A282-3AACCA7991EE}.Debug|x64.Build.0 = Debug|Any CPU
		{4DD03529-3638-47AE-A282-3AACCA7991EE}.Debug|x86.ActiveCfg = Debug|Any CPU
		{4DD03529-3638-47AE-A282-3AACCA7991EE}.Debug|x86.Build.0 = Debug|Any CPU
		{4DD03529-3638-47AE-A282-3AACCA7991EE}.Release|Any CPU.ActiveCfg = Release|Any CPU
		{4DD03529-3638-47AE-A282-3AACCA7991EE}.Release|Any CPU.Build.0 = Release|Any CPU
		{4DD03529-3638-47AE-A282-3AACCA7991EE}.Release|x64.ActiveCfg = Release|Any CPU
		{4DD03529-3638-47AE-A282-3AACCA7991EE}.Release|x64.Build.0 = Release|Any CPU
		{4DD03529-3638-47AE-A282-3AACCA7991EE}.Release|x86.ActiveCfg = Release|Any CPU
		{4DD03529-3638-47AE-A282-3AACCA7991EE}.Release|x86.Build.0 = Release|Any CPU
		{3EC4104D-7DB8-47D3-83D8-2E61409704C3}.Debug|Any CPU.ActiveCfg = Debug|Any CPU
		{3EC4104D-7DB8-47D3-83D8-2E61409704C3}.Debug|Any CPU.Build.0 = Debug|Any CPU
		{3EC4104D-7DB8-47D3-83D8-2E61409704C3}.Debug|x64.ActiveCfg = Debug|Any CPU
		{3EC4104D-7DB8-47D3-83D8-2E61409704C3}.Debug|x64.Build.0 = Debug|Any CPU
		{3EC4104D-7DB8-47D3-83D8-2E61409704C3}.Debug|x86.ActiveCfg = Debug|Any CPU
		{3EC4104D-7DB8-47D3-83D8-2E61409704C3}.Debug|x86.Build.0 = Debug|Any CPU
		{3EC4104D-7DB8-47D3-83D8-2E61409704C3}.Release|Any CPU.ActiveCfg = Release|Any CPU
		{3EC4104D-7DB8-47D3-83D8-2E61409704C3}.Release|Any CPU.Build.0 = Release|Any CPU
		{3EC4104D-7DB8-47D3-83D8-2E61409704C3}.Release|x64.ActiveCfg = Release|Any CPU
		{3EC4104D-7DB8-47D3-83D8-2E61409704C3}.Release|x64.Build.0 = Release|Any CPU
		{3EC4104D-7DB8-47D3-83D8-2E61409704C3}.Release|x86.ActiveCfg = Release|Any CPU
		{3EC4104D-7DB8-47D3-83D8-2E61409704C3}.Release|x86.Build.0 = Release|Any CPU
		{AAAB84A9-8CD3-4369-A484-9B8D5533712A}.Debug|Any CPU.ActiveCfg = Debug|Any CPU
		{AAAB84A9-8CD3-4369-A484-9B8D5533712A}.Debug|Any CPU.Build.0 = Debug|Any CPU
		{AAAB84A9-8CD3-4369-A484-9B8D5533712A}.Debug|x64.ActiveCfg = Debug|Any CPU
		{AAAB84A9-8CD3-4369-A484-9B8D5533712A}.Debug|x64.Build.0 = Debug|Any CPU
		{AAAB84A9-8CD3-4369-A484-9B8D5533712A}.Debug|x86.ActiveCfg = Debug|Any CPU
		{AAAB84A9-8CD3-4369-A484-9B8D5533712A}.Debug|x86.Build.0 = Debug|Any CPU
		{AAAB84A9-8CD3-4369-A484-9B8D5533712A}.Release|Any CPU.ActiveCfg = Release|Any CPU
		{AAAB84A9-8CD3-4369-A484-9B8D5533712A}.Release|Any CPU.Build.0 = Release|Any CPU
		{AAAB84A9-8CD3-4369-A484-9B8D5533712A}.Release|x64.ActiveCfg = Release|Any CPU
		{AAAB84A9-8CD3-4369-A484-9B8D5533712A}.Release|x64.Build.0 = Release|Any CPU
		{AAAB84A9-8CD3-4369-A484-9B8D5533712A}.Release|x86.ActiveCfg = Release|Any CPU
		{AAAB84A9-8CD3-4369-A484-9B8D5533712A}.Release|x86.Build.0 = Release|Any CPU
		{D25A33DE-3849-4161-8572-2BF5C73F5FE9}.Debug|Any CPU.ActiveCfg = Debug|Any CPU
		{D25A33DE-3849-4161-8572-2BF5C73F5FE9}.Debug|Any CPU.Build.0 = Debug|Any CPU
		{D25A33DE-3849-4161-8572-2BF5C73F5FE9}.Debug|x64.ActiveCfg = Debug|Any CPU
		{D25A33DE-3849-4161-8572-2BF5C73F5FE9}.Debug|x64.Build.0 = Debug|Any CPU
		{D25A33DE-3849-4161-8572-2BF5C73F5FE9}.Debug|x86.ActiveCfg = Debug|Any CPU
		{D25A33DE-3849-4161-8572-2BF5C73F5FE9}.Debug|x86.Build.0 = Debug|Any CPU
		{D25A33DE-3849-4161-8572-2BF5C73F5FE9}.Release|Any CPU.ActiveCfg = Release|Any CPU
		{D25A33DE-3849-4161-8572-2BF5C73F5FE9}.Release|Any CPU.Build.0 = Release|Any CPU
		{D25A33DE-3849-4161-8572-2BF5C73F5FE9}.Release|x64.ActiveCfg = Release|Any CPU
		{D25A33DE-3849-4161-8572-2BF5C73F5FE9}.Release|x64.Build.0 = Release|Any CPU
		{D25A33DE-3849-4161-8572-2BF5C73F5FE9}.Release|x86.ActiveCfg = Release|Any CPU
		{D25A33DE-3849-4161-8572-2BF5C73F5FE9}.Release|x86.Build.0 = Release|Any CPU
		{FC9196EA-F992-40CC-BB4D-AB1FFDC91593}.Debug|Any CPU.ActiveCfg = Debug|Any CPU
		{FC9196EA-F992-40CC-BB4D-AB1FFDC91593}.Debug|Any CPU.Build.0 = Debug|Any CPU
		{FC9196EA-F992-40CC-BB4D-AB1FFDC91593}.Debug|x64.ActiveCfg = Debug|Any CPU
		{FC9196EA-F992-40CC-BB4D-AB1FFDC91593}.Debug|x64.Build.0 = Debug|Any CPU
		{FC9196EA-F992-40CC-BB4D-AB1FFDC91593}.Debug|x86.ActiveCfg = Debug|Any CPU
		{FC9196EA-F992-40CC-BB4D-AB1FFDC91593}.Debug|x86.Build.0 = Debug|Any CPU
		{FC9196EA-F992-40CC-BB4D-AB1FFDC91593}.Release|Any CPU.ActiveCfg = Release|Any CPU
		{FC9196EA-F992-40CC-BB4D-AB1FFDC91593}.Release|Any CPU.Build.0 = Release|Any CPU
		{FC9196EA-F992-40CC-BB4D-AB1FFDC91593}.Release|x64.ActiveCfg = Release|Any CPU
		{FC9196EA-F992-40CC-BB4D-AB1FFDC91593}.Release|x64.Build.0 = Release|Any CPU
		{FC9196EA-F992-40CC-BB4D-AB1FFDC91593}.Release|x86.ActiveCfg = Release|Any CPU
		{FC9196EA-F992-40CC-BB4D-AB1FFDC91593}.Release|x86.Build.0 = Release|Any CPU
		{B9085309-859D-4E9F-A86D-726E358E84FB}.Debug|Any CPU.ActiveCfg = Debug|Any CPU
		{B9085309-859D-4E9F-A86D-726E358E84FB}.Debug|Any CPU.Build.0 = Debug|Any CPU
		{B9085309-859D-4E9F-A86D-726E358E84FB}.Debug|x64.ActiveCfg = Debug|Any CPU
		{B9085309-859D-4E9F-A86D-726E358E84FB}.Debug|x64.Build.0 = Debug|Any CPU
		{B9085309-859D-4E9F-A86D-726E358E84FB}.Debug|x86.ActiveCfg = Debug|Any CPU
		{B9085309-859D-4E9F-A86D-726E358E84FB}.Debug|x86.Build.0 = Debug|Any CPU
		{B9085309-859D-4E9F-A86D-726E358E84FB}.Release|Any CPU.ActiveCfg = Release|Any CPU
		{B9085309-859D-4E9F-A86D-726E358E84FB}.Release|Any CPU.Build.0 = Release|Any CPU
		{B9085309-859D-4E9F-A86D-726E358E84FB}.Release|x64.ActiveCfg = Release|Any CPU
		{B9085309-859D-4E9F-A86D-726E358E84FB}.Release|x64.Build.0 = Release|Any CPU
		{B9085309-859D-4E9F-A86D-726E358E84FB}.Release|x86.ActiveCfg = Release|Any CPU
		{B9085309-859D-4E9F-A86D-726E358E84FB}.Release|x86.Build.0 = Release|Any CPU
		{9376BABF-C7E0-4439-B3D6-6A13EC65087E}.Debug|Any CPU.ActiveCfg = Debug|Any CPU
		{9376BABF-C7E0-4439-B3D6-6A13EC65087E}.Debug|Any CPU.Build.0 = Debug|Any CPU
		{9376BABF-C7E0-4439-B3D6-6A13EC65087E}.Debug|x64.ActiveCfg = Debug|Any CPU
		{9376BABF-C7E0-4439-B3D6-6A13EC65087E}.Debug|x64.Build.0 = Debug|Any CPU
		{9376BABF-C7E0-4439-B3D6-6A13EC65087E}.Debug|x86.ActiveCfg = Debug|Any CPU
		{9376BABF-C7E0-4439-B3D6-6A13EC65087E}.Debug|x86.Build.0 = Debug|Any CPU
		{9376BABF-C7E0-4439-B3D6-6A13EC65087E}.Release|Any CPU.ActiveCfg = Release|Any CPU
		{9376BABF-C7E0-4439-B3D6-6A13EC65087E}.Release|Any CPU.Build.0 = Release|Any CPU
		{9376BABF-C7E0-4439-B3D6-6A13EC65087E}.Release|x64.ActiveCfg = Release|Any CPU
		{9376BABF-C7E0-4439-B3D6-6A13EC65087E}.Release|x64.Build.0 = Release|Any CPU
		{9376BABF-C7E0-4439-B3D6-6A13EC65087E}.Release|x86.ActiveCfg = Release|Any CPU
		{9376BABF-C7E0-4439-B3D6-6A13EC65087E}.Release|x86.Build.0 = Release|Any CPU
		{758E04DE-C8E0-4C83-985D-575C8ADFD555}.Debug|Any CPU.ActiveCfg = Debug|Any CPU
		{758E04DE-C8E0-4C83-985D-575C8ADFD555}.Debug|Any CPU.Build.0 = Debug|Any CPU
		{758E04DE-C8E0-4C83-985D-575C8ADFD555}.Debug|x64.ActiveCfg = Debug|Any CPU
		{758E04DE-C8E0-4C83-985D-575C8ADFD555}.Debug|x64.Build.0 = Debug|Any CPU
		{758E04DE-C8E0-4C83-985D-575C8ADFD555}.Debug|x86.ActiveCfg = Debug|Any CPU
		{758E04DE-C8E0-4C83-985D-575C8ADFD555}.Debug|x86.Build.0 = Debug|Any CPU
		{758E04DE-C8E0-4C83-985D-575C8ADFD555}.Release|Any CPU.ActiveCfg = Release|Any CPU
		{758E04DE-C8E0-4C83-985D-575C8ADFD555}.Release|Any CPU.Build.0 = Release|Any CPU
		{758E04DE-C8E0-4C83-985D-575C8ADFD555}.Release|x64.ActiveCfg = Release|Any CPU
		{758E04DE-C8E0-4C83-985D-575C8ADFD555}.Release|x64.Build.0 = Release|Any CPU
		{758E04DE-C8E0-4C83-985D-575C8ADFD555}.Release|x86.ActiveCfg = Release|Any CPU
		{758E04DE-C8E0-4C83-985D-575C8ADFD555}.Release|x86.Build.0 = Release|Any CPU
		{B4E8F360-F171-4CDD-B846-239E1E3B21DA}.Debug|Any CPU.ActiveCfg = Debug|Any CPU
		{B4E8F360-F171-4CDD-B846-239E1E3B21DA}.Debug|Any CPU.Build.0 = Debug|Any CPU
		{B4E8F360-F171-4CDD-B846-239E1E3B21DA}.Debug|x64.ActiveCfg = Debug|Any CPU
		{B4E8F360-F171-4CDD-B846-239E1E3B21DA}.Debug|x64.Build.0 = Debug|Any CPU
		{B4E8F360-F171-4CDD-B846-239E1E3B21DA}.Debug|x86.ActiveCfg = Debug|Any CPU
		{B4E8F360-F171-4CDD-B846-239E1E3B21DA}.Debug|x86.Build.0 = Debug|Any CPU
		{B4E8F360-F171-4CDD-B846-239E1E3B21DA}.Release|Any CPU.ActiveCfg = Release|Any CPU
		{B4E8F360-F171-4CDD-B846-239E1E3B21DA}.Release|Any CPU.Build.0 = Release|Any CPU
		{B4E8F360-F171-4CDD-B846-239E1E3B21DA}.Release|x64.ActiveCfg = Release|Any CPU
		{B4E8F360-F171-4CDD-B846-239E1E3B21DA}.Release|x64.Build.0 = Release|Any CPU
		{B4E8F360-F171-4CDD-B846-239E1E3B21DA}.Release|x86.ActiveCfg = Release|Any CPU
		{B4E8F360-F171-4CDD-B846-239E1E3B21DA}.Release|x86.Build.0 = Release|Any CPU
		{79D49584-9E5E-40B0-A672-C2CF6305665B}.Debug|Any CPU.ActiveCfg = Debug|Any CPU
		{79D49584-9E5E-40B0-A672-C2CF6305665B}.Debug|Any CPU.Build.0 = Debug|Any CPU
		{79D49584-9E5E-40B0-A672-C2CF6305665B}.Debug|x64.ActiveCfg = Debug|Any CPU
		{79D49584-9E5E-40B0-A672-C2CF6305665B}.Debug|x64.Build.0 = Debug|Any CPU
		{79D49584-9E5E-40B0-A672-C2CF6305665B}.Debug|x86.ActiveCfg = Debug|Any CPU
		{79D49584-9E5E-40B0-A672-C2CF6305665B}.Debug|x86.Build.0 = Debug|Any CPU
		{79D49584-9E5E-40B0-A672-C2CF6305665B}.Release|Any CPU.ActiveCfg = Release|Any CPU
		{79D49584-9E5E-40B0-A672-C2CF6305665B}.Release|Any CPU.Build.0 = Release|Any CPU
		{79D49584-9E5E-40B0-A672-C2CF6305665B}.Release|x64.ActiveCfg = Release|Any CPU
		{79D49584-9E5E-40B0-A672-C2CF6305665B}.Release|x64.Build.0 = Release|Any CPU
		{79D49584-9E5E-40B0-A672-C2CF6305665B}.Release|x86.ActiveCfg = Release|Any CPU
		{79D49584-9E5E-40B0-A672-C2CF6305665B}.Release|x86.Build.0 = Release|Any CPU
		{064F3284-2900-48FD-90BB-C01E6296E60C}.Debug|Any CPU.ActiveCfg = Debug|Any CPU
		{064F3284-2900-48FD-90BB-C01E6296E60C}.Debug|Any CPU.Build.0 = Debug|Any CPU
		{064F3284-2900-48FD-90BB-C01E6296E60C}.Debug|x64.ActiveCfg = Debug|Any CPU
		{064F3284-2900-48FD-90BB-C01E6296E60C}.Debug|x64.Build.0 = Debug|Any CPU
		{064F3284-2900-48FD-90BB-C01E6296E60C}.Debug|x86.ActiveCfg = Debug|Any CPU
		{064F3284-2900-48FD-90BB-C01E6296E60C}.Debug|x86.Build.0 = Debug|Any CPU
		{064F3284-2900-48FD-90BB-C01E6296E60C}.Release|Any CPU.ActiveCfg = Release|Any CPU
		{064F3284-2900-48FD-90BB-C01E6296E60C}.Release|Any CPU.Build.0 = Release|Any CPU
		{064F3284-2900-48FD-90BB-C01E6296E60C}.Release|x64.ActiveCfg = Release|Any CPU
		{064F3284-2900-48FD-90BB-C01E6296E60C}.Release|x64.Build.0 = Release|Any CPU
		{064F3284-2900-48FD-90BB-C01E6296E60C}.Release|x86.ActiveCfg = Release|Any CPU
		{064F3284-2900-48FD-90BB-C01E6296E60C}.Release|x86.Build.0 = Release|Any CPU
		{08BB5F2E-8FB4-46E4-90D3-7A182566F83A}.Debug|Any CPU.ActiveCfg = Debug|Any CPU
		{08BB5F2E-8FB4-46E4-90D3-7A182566F83A}.Debug|Any CPU.Build.0 = Debug|Any CPU
		{08BB5F2E-8FB4-46E4-90D3-7A182566F83A}.Debug|x64.ActiveCfg = Debug|Any CPU
		{08BB5F2E-8FB4-46E4-90D3-7A182566F83A}.Debug|x64.Build.0 = Debug|Any CPU
		{08BB5F2E-8FB4-46E4-90D3-7A182566F83A}.Debug|x86.ActiveCfg = Debug|Any CPU
		{08BB5F2E-8FB4-46E4-90D3-7A182566F83A}.Debug|x86.Build.0 = Debug|Any CPU
		{08BB5F2E-8FB4-46E4-90D3-7A182566F83A}.Release|Any CPU.ActiveCfg = Release|Any CPU
		{08BB5F2E-8FB4-46E4-90D3-7A182566F83A}.Release|Any CPU.Build.0 = Release|Any CPU
		{08BB5F2E-8FB4-46E4-90D3-7A182566F83A}.Release|x64.ActiveCfg = Release|Any CPU
		{08BB5F2E-8FB4-46E4-90D3-7A182566F83A}.Release|x64.Build.0 = Release|Any CPU
		{08BB5F2E-8FB4-46E4-90D3-7A182566F83A}.Release|x86.ActiveCfg = Release|Any CPU
		{08BB5F2E-8FB4-46E4-90D3-7A182566F83A}.Release|x86.Build.0 = Release|Any CPU
		{5A9AB7BE-E6DB-4EFC-9CC8-F78E5430C8DB}.Debug|Any CPU.ActiveCfg = Debug|Any CPU
		{5A9AB7BE-E6DB-4EFC-9CC8-F78E5430C8DB}.Debug|Any CPU.Build.0 = Debug|Any CPU
		{5A9AB7BE-E6DB-4EFC-9CC8-F78E5430C8DB}.Debug|x64.ActiveCfg = Debug|Any CPU
		{5A9AB7BE-E6DB-4EFC-9CC8-F78E5430C8DB}.Debug|x64.Build.0 = Debug|Any CPU
		{5A9AB7BE-E6DB-4EFC-9CC8-F78E5430C8DB}.Debug|x86.ActiveCfg = Debug|Any CPU
		{5A9AB7BE-E6DB-4EFC-9CC8-F78E5430C8DB}.Debug|x86.Build.0 = Debug|Any CPU
		{5A9AB7BE-E6DB-4EFC-9CC8-F78E5430C8DB}.Release|Any CPU.ActiveCfg = Release|Any CPU
		{5A9AB7BE-E6DB-4EFC-9CC8-F78E5430C8DB}.Release|Any CPU.Build.0 = Release|Any CPU
		{5A9AB7BE-E6DB-4EFC-9CC8-F78E5430C8DB}.Release|x64.ActiveCfg = Release|Any CPU
		{5A9AB7BE-E6DB-4EFC-9CC8-F78E5430C8DB}.Release|x64.Build.0 = Release|Any CPU
		{5A9AB7BE-E6DB-4EFC-9CC8-F78E5430C8DB}.Release|x86.ActiveCfg = Release|Any CPU
		{5A9AB7BE-E6DB-4EFC-9CC8-F78E5430C8DB}.Release|x86.Build.0 = Release|Any CPU
		{573E3892-3E24-4B5B-98E3-2CE942AFFFCC}.Debug|Any CPU.ActiveCfg = Debug|Any CPU
		{573E3892-3E24-4B5B-98E3-2CE942AFFFCC}.Debug|Any CPU.Build.0 = Debug|Any CPU
		{573E3892-3E24-4B5B-98E3-2CE942AFFFCC}.Debug|x64.ActiveCfg = Debug|Any CPU
		{573E3892-3E24-4B5B-98E3-2CE942AFFFCC}.Debug|x64.Build.0 = Debug|Any CPU
		{573E3892-3E24-4B5B-98E3-2CE942AFFFCC}.Debug|x86.ActiveCfg = Debug|Any CPU
		{573E3892-3E24-4B5B-98E3-2CE942AFFFCC}.Debug|x86.Build.0 = Debug|Any CPU
		{573E3892-3E24-4B5B-98E3-2CE942AFFFCC}.Release|Any CPU.ActiveCfg = Release|Any CPU
		{573E3892-3E24-4B5B-98E3-2CE942AFFFCC}.Release|Any CPU.Build.0 = Release|Any CPU
		{573E3892-3E24-4B5B-98E3-2CE942AFFFCC}.Release|x64.ActiveCfg = Release|Any CPU
		{573E3892-3E24-4B5B-98E3-2CE942AFFFCC}.Release|x64.Build.0 = Release|Any CPU
		{573E3892-3E24-4B5B-98E3-2CE942AFFFCC}.Release|x86.ActiveCfg = Release|Any CPU
		{573E3892-3E24-4B5B-98E3-2CE942AFFFCC}.Release|x86.Build.0 = Release|Any CPU
	EndGlobalSection
	GlobalSection(SolutionProperties) = preSolution
		HideSolutionNode = FALSE
	EndGlobalSection
	GlobalSection(NestedProjects) = preSolution
		{AAAB84A9-8CD3-4369-A484-9B8D5533712A} = {F902C4B7-FCB5-4F0A-A19E-F7E14C3FA58C}
		{B9085309-859D-4E9F-A86D-726E358E84FB} = {F902C4B7-FCB5-4F0A-A19E-F7E14C3FA58C}
		{8A5DEEC1-613A-4C1C-97E9-D5E85EE44665} = {3AA483FE-5EB5-475F-B911-C28579FE4EB2}
		{4DD03529-3638-47AE-A282-3AACCA7991EE} = {3AA483FE-5EB5-475F-B911-C28579FE4EB2}
		{D25A33DE-3849-4161-8572-2BF5C73F5FE9} = {4BDDEF73-2305-406D-A2CD-077F11C09E64}
		{FC9196EA-F992-40CC-BB4D-AB1FFDC91593} = {4BDDEF73-2305-406D-A2CD-077F11C09E64}
		{AB52B183-4264-4D51-B688-3F3BD89DA4DA} = {D3F8F13D-3C9E-4350-B9E6-EA437EC244F5}
		{9376BABF-C7E0-4439-B3D6-6A13EC65087E} = {AB52B183-4264-4D51-B688-3F3BD89DA4DA}
		{758E04DE-C8E0-4C83-985D-575C8ADFD555} = {AB52B183-4264-4D51-B688-3F3BD89DA4DA}
		{74975170-C857-46F5-8DE2-4D9A1550372B} = {AB52B183-4264-4D51-B688-3F3BD89DA4DA}
		{B4E8F360-F171-4CDD-B846-239E1E3B21DA} = {74975170-C857-46F5-8DE2-4D9A1550372B}
		{79D49584-9E5E-40B0-A672-C2CF6305665B} = {74975170-C857-46F5-8DE2-4D9A1550372B}
		{66C1EB0C-4D9B-4C43-BB54-664C20F3DAEA} = {F902C4B7-FCB5-4F0A-A19E-F7E14C3FA58C}
		{064F3284-2900-48FD-90BB-C01E6296E60C} = {66C1EB0C-4D9B-4C43-BB54-664C20F3DAEA}
		{08BB5F2E-8FB4-46E4-90D3-7A182566F83A} = {66C1EB0C-4D9B-4C43-BB54-664C20F3DAEA}
		{5A9AB7BE-E6DB-4EFC-9CC8-F78E5430C8DB} = {0D3030A4-1064-4068-9B93-6007D08C3D6E}
		{573E3892-3E24-4B5B-98E3-2CE942AFFFCC} = {0D3030A4-1064-4068-9B93-6007D08C3D6E}
	EndGlobalSection
EndGlobal
